
Microsoft Visual Studio Solution File, Format Version 12.00
# Visual Studio 15
VisualStudioVersion = 15.0.26730.15
MinimumVisualStudioVersion = 10.0.40219.1
Project("{FAE04EC0-301F-11D3-BF4B-00C04F79EFBC}") = "GRADUATE.UI", "GRADUATE.UI\GRADUATE.UI.csproj", "{9EAC5B50-DEEC-4D31-9E34-76AAADAEDAE0}"
EndProject
Project("{FAE04EC0-301F-11D3-BF4B-00C04F79EFBC}") = "GRADUATE.DAL", "GRADUATE.DAL\GRADUATE.DAL.csproj", "{538CB4CA-A498-4176-9BE7-F2CBE2EFA715}"
EndProject
Project("{FAE04EC0-301F-11D3-BF4B-00C04F79EFBC}") = "GRADUATE.BLL", "GRADUATE.BLL\GRADUATE.BLL.csproj", "{7BC46DEE-23D4-4054-8684-AB321C253DD1}"
EndProject
Project("{FAE04EC0-301F-11D3-BF4B-00C04F79EFBC}") = "GRADUATE.ENTITYS", "GRADUATE.ENTITYS\GRADUATE.ENTITYS.csproj", "{27CB0C88-25C2-48DA-94FB-6EEB576CDE18}"
EndProject
Project("{FAE04EC0-301F-11D3-BF4B-00C04F79EFBC}") = "GRADUATE.ISERVICES", "GRADUATE.ISERVICES\GRADUATE.ISERVICES.csproj", "{94E87EB1-FFB8-4324-94E3-2EB75298976F}"
EndProject
Project("{FAE04EC0-301F-11D3-BF4B-00C04F79EFBC}") = "GRADUATE.SERVICES", "GRADUATE.SERVICES\GRADUATE.SERVICES.csproj", "{BE2F6EAD-EC08-4958-9534-E918D920700B}"
EndProject
Project("{FAE04EC0-301F-11D3-BF4B-00C04F79EFBC}") = "GRADUATE.UNIT", "GRADUATE.UNIT\GRADUATE.UNIT.csproj", "{FE51E841-9B63-4705-A169-FB7F878A3D54}"
EndProject
Project("{FAE04EC0-301F-11D3-BF4B-00C04F79EFBC}") = "GRADUATE.COMMON", "GRADUATE.COMMON\GRADUATE.COMMON.csproj", "{934BD342-62F5-4F79-9FB2-C973D250A7B7}"
EndProject
Global
	GlobalSection(SolutionConfigurationPlatforms) = preSolution
		Debug|Any CPU = Debug|Any CPU
		Release|Any CPU = Release|Any CPU
	EndGlobalSection
	GlobalSection(ProjectConfigurationPlatforms) = postSolution
		{9EAC5B50-DEEC-4D31-9E34-76AAADAEDAE0}.Debug|Any CPU.ActiveCfg = Debug|Any CPU
		{9EAC5B50-DEEC-4D31-9E34-76AAADAEDAE0}.Debug|Any CPU.Build.0 = Debug|Any CPU
		{9EAC5B50-DEEC-4D31-9E34-76AAADAEDAE0}.Release|Any CPU.ActiveCfg = Release|Any CPU
		{9EAC5B50-DEEC-4D31-9E34-76AAADAEDAE0}.Release|Any CPU.Build.0 = Release|Any CPU
		{538CB4CA-A498-4176-9BE7-F2CBE2EFA715}.Debug|Any CPU.ActiveCfg = Debug|Any CPU
		{538CB4CA-A498-4176-9BE7-F2CBE2EFA715}.Debug|Any CPU.Build.0 = Debug|Any CPU
		{538CB4CA-A498-4176-9BE7-F2CBE2EFA715}.Release|Any CPU.ActiveCfg = Release|Any CPU
		{538CB4CA-A498-4176-9BE7-F2CBE2EFA715}.Release|Any CPU.Build.0 = Release|Any CPU
		{7BC46DEE-23D4-4054-8684-AB321C253DD1}.Debug|Any CPU.ActiveCfg = Debug|Any CPU
		{7BC46DEE-23D4-4054-8684-AB321C253DD1}.Debug|Any CPU.Build.0 = Debug|Any CPU
		{7BC46DEE-23D4-4054-8684-AB321C253DD1}.Release|Any CPU.ActiveCfg = Release|Any CPU
		{7BC46DEE-23D4-4054-8684-AB321C253DD1}.Release|Any CPU.Build.0 = Release|Any CPU
		{27CB0C88-25C2-48DA-94FB-6EEB576CDE18}.Debug|Any CPU.ActiveCfg = Debug|Any CPU
		{27CB0C88-25C2-48DA-94FB-6EEB576CDE18}.Debug|Any CPU.Build.0 = Debug|Any CPU
		{27CB0C88-25C2-48DA-94FB-6EEB576CDE18}.Release|Any CPU.ActiveCfg = Release|Any CPU
		{27CB0C88-25C2-48DA-94FB-6EEB576CDE18}.Release|Any CPU.Build.0 = Release|Any CPU
		{94E87EB1-FFB8-4324-94E3-2EB75298976F}.Debug|Any CPU.ActiveCfg = Debug|Any CPU
		{94E87EB1-FFB8-4324-94E3-2EB75298976F}.Debug|Any CPU.Build.0 = Debug|Any CPU
		{94E87EB1-FFB8-4324-94E3-2EB75298976F}.Release|Any CPU.ActiveCfg = Release|Any CPU
		{94E87EB1-FFB8-4324-94E3-2EB75298976F}.Release|Any CPU.Build.0 = Release|Any CPU
		{BE2F6EAD-EC08-4958-9534-E918D920700B}.Debug|Any CPU.ActiveCfg = Debug|Any CPU
		{BE2F6EAD-EC08-4958-9534-E918D920700B}.Debug|Any CPU.Build.0 = Debug|Any CPU
		{BE2F6EAD-EC08-4958-9534-E918D920700B}.Release|Any CPU.ActiveCfg = Release|Any CPU
		{BE2F6EAD-EC08-4958-9534-E918D920700B}.Release|Any CPU.Build.0 = Release|Any CPU
		{FE51E841-9B63-4705-A169-FB7F878A3D54}.Debug|Any CPU.ActiveCfg = Debug|Any CPU
		{FE51E841-9B63-4705-A169-FB7F878A3D54}.Debug|Any CPU.Build.0 = Debug|Any CPU
		{FE51E841-9B63-4705-A169-FB7F878A3D54}.Release|Any CPU.ActiveCfg = Release|Any CPU
		{FE51E841-9B63-4705-A169-FB7F878A3D54}.Release|Any CPU.Build.0 = Release|Any CPU
		{934BD342-62F5-4F79-9FB2-C973D250A7B7}.Debug|Any CPU.ActiveCfg = Debug|Any CPU
		{934BD342-62F5-4F79-9FB2-C973D250A7B7}.Debug|Any CPU.Build.0 = Debug|Any CPU
		{934BD342-62F5-4F79-9FB2-C973D250A7B7}.Release|Any CPU.ActiveCfg = Release|Any CPU
		{934BD342-62F5-4F79-9FB2-C973D250A7B7}.Release|Any CPU.Build.0 = Release|Any CPU
	EndGlobalSection
	GlobalSection(SolutionProperties) = preSolution
		HideSolutionNode = FALSE
	EndGlobalSection
	GlobalSection(ExtensibilityGlobals) = postSolution
		SolutionGuid = {86F8204A-B2D2-4C01-A60A-EFE5ECDC1BC4}
	EndGlobalSection
EndGlobal
